
Microsoft Visual Studio Solution File, Format Version 12.00
# Visual Studio 15
VisualStudioVersion = 15.0.26730.10
MinimumVisualStudioVersion = 10.0.40219.1
Project("{FAE04EC0-301F-11D3-BF4B-00C04F79EFBC}") = "HomeService", "HomeService\HomeService.csproj", "{E1BDC66A-CF75-414E-8C4C-58BB41FF5B2E}"
EndProject
Global
	GlobalSection(SolutionConfigurationPlatforms) = preSolution
		Debug|Any CPU = Debug|Any CPU
		Release|Any CPU = Release|Any CPU
	EndGlobalSection
	GlobalSection(ProjectConfigurationPlatforms) = postSolution
		{E1BDC66A-CF75-414E-8C4C-58BB41FF5B2E}.Debug|Any CPU.ActiveCfg = Debug|Any CPU
		{E1BDC66A-CF75-414E-8C4C-58BB41FF5B2E}.Debug|Any CPU.Build.0 = Debug|Any CPU
		{E1BDC66A-CF75-414E-8C4C-58BB41FF5B2E}.Release|Any CPU.ActiveCfg = Release|Any CPU
		{E1BDC66A-CF75-414E-8C4C-58BB41FF5B2E}.Release|Any CPU.Build.0 = Release|Any CPU
	EndGlobalSection
	GlobalSection(SolutionProperties) = preSolution
		HideSolutionNode = FALSE
	EndGlobalSection
	GlobalSection(ExtensibilityGlobals) = postSolution
		SolutionGuid = {19D14A8D-73CB-4374-A135-032175D58A8C}
	EndGlobalSection
EndGlobal
